
Microsoft Visual Studio Solution File, Format Version 12.00
# Visual Studio Version 16
VisualStudioVersion = 16.0.31424.327
MinimumVisualStudioVersion = 10.0.40219.1
Project("{FAE04EC0-301F-11D3-BF4B-00C04F79EFBC}") = "Lab_1_KSiS", "Lab_1_KSiS.csproj", "{35D7B238-FE84-405D-B747-600B0D05E69E}"
EndProject
Global
	GlobalSection(SolutionConfigurationPlatforms) = preSolution
		Debug|Any CPU = Debug|Any CPU
		Release|Any CPU = Release|Any CPU
	EndGlobalSection
	GlobalSection(ProjectConfigurationPlatforms) = postSolution
		{35D7B238-FE84-405D-B747-600B0D05E69E}.Debug|Any CPU.ActiveCfg = Debug|Any CPU
		{35D7B238-FE84-405D-B747-600B0D05E69E}.Debug|Any CPU.Build.0 = Debug|Any CPU
		{35D7B238-FE84-405D-B747-600B0D05E69E}.Release|Any CPU.ActiveCfg = Release|Any CPU
		{35D7B238-FE84-405D-B747-600B0D05E69E}.Release|Any CPU.Build.0 = Release|Any CPU
	EndGlobalSection
	GlobalSection(SolutionProperties) = preSolution
		HideSolutionNode = FALSE
	EndGlobalSection
	GlobalSection(ExtensibilityGlobals) = postSolution
		SolutionGuid = {1AF7AEA9-EB5A-403C-B635-C6CC418D6020}
	EndGlobalSection
EndGlobal
